// !$*UTF8*$!
{
	archiveVersion = 1;
	classes = {
	};
	objectVersion = 56;
	objects = {

/* Begin PBXBuildFile section */
		3C77964D29A4B91300E95210 /* AppDelegate.swift in Sources */ = {isa = PBXBuildFile; fileRef = 3C77964C29A4B91300E95210 /* AppDelegate.swift */; };
		3C77964F29A4B91300E95210 /* SceneDelegate.swift in Sources */ = {isa = PBXBuildFile; fileRef = 3C77964E29A4B91300E95210 /* SceneDelegate.swift */; };
		3C77965129A4B91300E95210 /* RMTabViewController.swift in Sources */ = {isa = PBXBuildFile; fileRef = 3C77965029A4B91300E95210 /* RMTabViewController.swift */; };
		3C77965629A4B91500E95210 /* Assets.xcassets in Resources */ = {isa = PBXBuildFile; fileRef = 3C77965529A4B91500E95210 /* Assets.xcassets */; };
		3C77965929A4B91500E95210 /* LaunchScreen.storyboard in Resources */ = {isa = PBXBuildFile; fileRef = 3C77965729A4B91500E95210 /* LaunchScreen.storyboard */; };
		3C77966829A4BD4600E95210 /* RMCharacter.swift in Sources */ = {isa = PBXBuildFile; fileRef = 3C77966729A4BD4600E95210 /* RMCharacter.swift */; };
		3C77966A29A4BD4E00E95210 /* RMLocation.swift in Sources */ = {isa = PBXBuildFile; fileRef = 3C77966929A4BD4E00E95210 /* RMLocation.swift */; };
		3C77966C29A4BD5E00E95210 /* RMEpisode.swift in Sources */ = {isa = PBXBuildFile; fileRef = 3C77966B29A4BD5E00E95210 /* RMEpisode.swift */; };
		3C77966F29A4BDB600E95210 /* RMCharacterViewController.swift in Sources */ = {isa = PBXBuildFile; fileRef = 3C77966E29A4BDB600E95210 /* RMCharacterViewController.swift */; };
		3C77967129A4BDC200E95210 /* RMLocationViewController.swift in Sources */ = {isa = PBXBuildFile; fileRef = 3C77967029A4BDC200E95210 /* RMLocationViewController.swift */; };
		3C77967329A4BDD000E95210 /* RMEpisodeViewController.swift in Sources */ = {isa = PBXBuildFile; fileRef = 3C77967229A4BDD000E95210 /* RMEpisodeViewController.swift */; };
		3C77967529A4BDDA00E95210 /* RMSettingViewController.swift in Sources */ = {isa = PBXBuildFile; fileRef = 3C77967429A4BDDA00E95210 /* RMSettingViewController.swift */; };
/* End PBXBuildFile section */

/* Begin PBXFileReference section */
		3C77964929A4B91300E95210 /* RickAndMorty.app */ = {isa = PBXFileReference; explicitFileType = wrapper.application; includeInIndex = 0; path = RickAndMorty.app; sourceTree = BUILT_PRODUCTS_DIR; };
		3C77964C29A4B91300E95210 /* AppDelegate.swift */ = {isa = PBXFileReference; lastKnownFileType = sourcecode.swift; path = AppDelegate.swift; sourceTree = "<group>"; };
		3C77964E29A4B91300E95210 /* SceneDelegate.swift */ = {isa = PBXFileReference; lastKnownFileType = sourcecode.swift; path = SceneDelegate.swift; sourceTree = "<group>"; };
		3C77965029A4B91300E95210 /* RMTabViewController.swift */ = {isa = PBXFileReference; lastKnownFileType = sourcecode.swift; path = RMTabViewController.swift; sourceTree = "<group>"; };
		3C77965529A4B91500E95210 /* Assets.xcassets */ = {isa = PBXFileReference; lastKnownFileType = folder.assetcatalog; path = Assets.xcassets; sourceTree = "<group>"; };
		3C77965829A4B91500E95210 /* Base */ = {isa = PBXFileReference; lastKnownFileType = file.storyboard; name = Base; path = Base.lproj/LaunchScreen.storyboard; sourceTree = "<group>"; };
		3C77965A29A4B91500E95210 /* Info.plist */ = {isa = PBXFileReference; lastKnownFileType = text.plist.xml; path = Info.plist; sourceTree = "<group>"; };
		3C77966729A4BD4600E95210 /* RMCharacter.swift */ = {isa = PBXFileReference; lastKnownFileType = sourcecode.swift; path = RMCharacter.swift; sourceTree = "<group>"; };
		3C77966929A4BD4E00E95210 /* RMLocation.swift */ = {isa = PBXFileReference; lastKnownFileType = sourcecode.swift; path = RMLocation.swift; sourceTree = "<group>"; };
		3C77966B29A4BD5E00E95210 /* RMEpisode.swift */ = {isa = PBXFileReference; lastKnownFileType = sourcecode.swift; path = RMEpisode.swift; sourceTree = "<group>"; };
		3C77966E29A4BDB600E95210 /* RMCharacterViewController.swift */ = {isa = PBXFileReference; lastKnownFileType = sourcecode.swift; path = RMCharacterViewController.swift; sourceTree = "<group>"; };
		3C77967029A4BDC200E95210 /* RMLocationViewController.swift */ = {isa = PBXFileReference; lastKnownFileType = sourcecode.swift; path = RMLocationViewController.swift; sourceTree = "<group>"; };
		3C77967229A4BDD000E95210 /* RMEpisodeViewController.swift */ = {isa = PBXFileReference; lastKnownFileType = sourcecode.swift; path = RMEpisodeViewController.swift; sourceTree = "<group>"; };
		3C77967429A4BDDA00E95210 /* RMSettingViewController.swift */ = {isa = PBXFileReference; lastKnownFileType = sourcecode.swift; path = RMSettingViewController.swift; sourceTree = "<group>"; };
/* End PBXFileReference section */

/* Begin PBXFrameworksBuildPhase section */
		3C77964629A4B91300E95210 /* Frameworks */ = {
			isa = PBXFrameworksBuildPhase;
			buildActionMask = 2147483647;
			files = (
			);
			runOnlyForDeploymentPostprocessing = 0;
		};
/* End PBXFrameworksBuildPhase section */

/* Begin PBXGroup section */
		3C77964029A4B91300E95210 = {
			isa = PBXGroup;
			children = (
				3C77964B29A4B91300E95210 /* RickAndMorty */,
				3C77964A29A4B91300E95210 /* Products */,
			);
			sourceTree = "<group>";
		};
		3C77964A29A4B91300E95210 /* Products */ = {
			isa = PBXGroup;
			children = (
				3C77964929A4B91300E95210 /* RickAndMorty.app */,
			);
			name = Products;
			sourceTree = "<group>";
		};
		3C77964B29A4B91300E95210 /* RickAndMorty */ = {
			isa = PBXGroup;
			children = (
				3C77966529A4BCB500E95210 /* Resources */,
				3C77966429A4BCAE00E95210 /* Managers */,
				3C77966329A4BCA700E95210 /* APIClient */,
				3C77966229A4BC9D00E95210 /* ViewModels */,
				3C77966129A4BC9600E95210 /* Views */,
				3C77966029A4BC9100E95210 /* Models */,
				3C77966629A4BCD800E95210 /* Controllers */,
				3C77965A29A4B91500E95210 /* Info.plist */,
			);
			path = RickAndMorty;
			sourceTree = "<group>";
		};
		3C77966029A4BC9100E95210 /* Models */ = {
			isa = PBXGroup;
			children = (
				3C77966729A4BD4600E95210 /* RMCharacter.swift */,
				3C77966929A4BD4E00E95210 /* RMLocation.swift */,
				3C77966B29A4BD5E00E95210 /* RMEpisode.swift */,
			);
			path = Models;
			sourceTree = "<group>";
		};
		3C77966129A4BC9600E95210 /* Views */ = {
			isa = PBXGroup;
			children = (
			);
			path = Views;
			sourceTree = "<group>";
		};
		3C77966229A4BC9D00E95210 /* ViewModels */ = {
			isa = PBXGroup;
			children = (
			);
			path = ViewModels;
			sourceTree = "<group>";
		};
		3C77966329A4BCA700E95210 /* APIClient */ = {
			isa = PBXGroup;
			children = (
			);
			path = APIClient;
			sourceTree = "<group>";
		};
		3C77966429A4BCAE00E95210 /* Managers */ = {
			isa = PBXGroup;
			children = (
			);
			path = Managers;
			sourceTree = "<group>";
		};
		3C77966529A4BCB500E95210 /* Resources */ = {
			isa = PBXGroup;
			children = (
				3C77965529A4B91500E95210 /* Assets.xcassets */,
				3C77965729A4B91500E95210 /* LaunchScreen.storyboard */,
				3C77964C29A4B91300E95210 /* AppDelegate.swift */,
				3C77964E29A4B91300E95210 /* SceneDelegate.swift */,
			);
			path = Resources;
			sourceTree = "<group>";
		};
		3C77966629A4BCD800E95210 /* Controllers */ = {
			isa = PBXGroup;
			children = (
				3C77966D29A4BD9600E95210 /* Core */,
			);
			path = Controllers;
			sourceTree = "<group>";
		};
		3C77966D29A4BD9600E95210 /* Core */ = {
			isa = PBXGroup;
			children = (
				3C77965029A4B91300E95210 /* RMTabViewController.swift */,
				3C77966E29A4BDB600E95210 /* RMCharacterViewController.swift */,
				3C77967029A4BDC200E95210 /* RMLocationViewController.swift */,
				3C77967229A4BDD000E95210 /* RMEpisodeViewController.swift */,
				3C77967429A4BDDA00E95210 /* RMSettingViewController.swift */,
			);
			path = Core;
			sourceTree = "<group>";
		};
/* End PBXGroup section */

/* Begin PBXNativeTarget section */
		3C77964829A4B91300E95210 /* RickAndMorty */ = {
			isa = PBXNativeTarget;
			buildConfigurationList = 3C77965D29A4B91500E95210 /* Build configuration list for PBXNativeTarget "RickAndMorty" */;
			buildPhases = (
				3C77964529A4B91300E95210 /* Sources */,
				3C77964629A4B91300E95210 /* Frameworks */,
				3C77964729A4B91300E95210 /* Resources */,
			);
			buildRules = (
			);
			dependencies = (
			);
			name = RickAndMorty;
			productName = RickAndMorty;
			productReference = 3C77964929A4B91300E95210 /* RickAndMorty.app */;
			productType = "com.apple.product-type.application";
		};
/* End PBXNativeTarget section */

/* Begin PBXProject section */
		3C77964129A4B91300E95210 /* Project object */ = {
			isa = PBXProject;
			attributes = {
				BuildIndependentTargetsInParallel = 1;
				LastSwiftUpdateCheck = 1420;
				LastUpgradeCheck = 1420;
				TargetAttributes = {
					3C77964829A4B91300E95210 = {
						CreatedOnToolsVersion = 14.2;
					};
				};
			};
			buildConfigurationList = 3C77964429A4B91300E95210 /* Build configuration list for PBXProject "RickAndMorty" */;
			compatibilityVersion = "Xcode 14.0";
			developmentRegion = en;
			hasScannedForEncodings = 0;
			knownRegions = (
				en,
				Base,
			);
			mainGroup = 3C77964029A4B91300E95210;
			productRefGroup = 3C77964A29A4B91300E95210 /* Products */;
			projectDirPath = "";
			projectRoot = "";
			targets = (
				3C77964829A4B91300E95210 /* RickAndMorty */,
			);
		};
/* End PBXProject section */

/* Begin PBXResourcesBuildPhase section */
		3C77964729A4B91300E95210 /* Resources */ = {
			isa = PBXResourcesBuildPhase;
			buildActionMask = 2147483647;
			files = (
				3C77965929A4B91500E95210 /* LaunchScreen.storyboard in Resources */,
				3C77965629A4B91500E95210 /* Assets.xcassets in Resources */,
			);
			runOnlyForDeploymentPostprocessing = 0;
		};
/* End PBXResourcesBuildPhase section */

/* Begin PBXSourcesBuildPhase section */
		3C77964529A4B91300E95210 /* Sources */ = {
			isa = PBXSourcesBuildPhase;
			buildActionMask = 2147483647;
			files = (
				3C77967129A4BDC200E95210 /* RMLocationViewController.swift in Sources */,
				3C77966C29A4BD5E00E95210 /* RMEpisode.swift in Sources */,
				3C77966829A4BD4600E95210 /* RMCharacter.swift in Sources */,
				3C77967329A4BDD000E95210 /* RMEpisodeViewController.swift in Sources */,
				3C77967529A4BDDA00E95210 /* RMSettingViewController.swift in Sources */,
				3C77965129A4B91300E95210 /* RMTabViewController.swift in Sources */,
				3C77966A29A4BD4E00E95210 /* RMLocation.swift in Sources */,
				3C77964D29A4B91300E95210 /* AppDelegate.swift in Sources */,
				3C77964F29A4B91300E95210 /* SceneDelegate.swift in Sources */,
				3C77966F29A4BDB600E95210 /* RMCharacterViewController.swift in Sources */,
			);
			runOnlyForDeploymentPostprocessing = 0;
		};
/* End PBXSourcesBuildPhase section */

/* Begin PBXVariantGroup section */
		3C77965729A4B91500E95210 /* LaunchScreen.storyboard */ = {
			isa = PBXVariantGroup;
			children = (
				3C77965829A4B91500E95210 /* Base */,
			);
			name = LaunchScreen.storyboard;
			sourceTree = "<group>";
		};
/* End PBXVariantGroup section */

/* Begin XCBuildConfiguration section */
		3C77965B29A4B91500E95210 /* Debug */ = {
			isa = XCBuildConfiguration;
			buildSettings = {
				ALWAYS_SEARCH_USER_PATHS = NO;
				CLANG_ANALYZER_NONNULL = YES;
				CLANG_ANALYZER_NUMBER_OBJECT_CONVERSION = YES_AGGRESSIVE;
				CLANG_CXX_LANGUAGE_STANDARD = "gnu++20";
				CLANG_ENABLE_MODULES = YES;
				CLANG_ENABLE_OBJC_ARC = YES;
				CLANG_ENABLE_OBJC_WEAK = YES;
				CLANG_WARN_BLOCK_CAPTURE_AUTORELEASING = YES;
				CLANG_WARN_BOOL_CONVERSION = YES;
				CLANG_WARN_COMMA = YES;
				CLANG_WARN_CONSTANT_CONVERSION = YES;
				CLANG_WARN_DEPRECATED_OBJC_IMPLEMENTATIONS = YES;
				CLANG_WARN_DIRECT_OBJC_ISA_USAGE = YES_ERROR;
				CLANG_WARN_DOCUMENTATION_COMMENTS = YES;
				CLANG_WARN_EMPTY_BODY = YES;
				CLANG_WARN_ENUM_CONVERSION = YES;
				CLANG_WARN_INFINITE_RECURSION = YES;
				CLANG_WARN_INT_CONVERSION = YES;
				CLANG_WARN_NON_LITERAL_NULL_CONVERSION = YES;
				CLANG_WARN_OBJC_IMPLICIT_RETAIN_SELF = YES;
				CLANG_WARN_OBJC_LITERAL_CONVERSION = YES;
				CLANG_WARN_OBJC_ROOT_CLASS = YES_ERROR;
				CLANG_WARN_QUOTED_INCLUDE_IN_FRAMEWORK_HEADER = YES;
				CLANG_WARN_RANGE_LOOP_ANALYSIS = YES;
				CLANG_WARN_STRICT_PROTOTYPES = YES;
				CLANG_WARN_SUSPICIOUS_MOVE = YES;
				CLANG_WARN_UNGUARDED_AVAILABILITY = YES_AGGRESSIVE;
				CLANG_WARN_UNREACHABLE_CODE = YES;
				CLANG_WARN__DUPLICATE_METHOD_MATCH = YES;
				COPY_PHASE_STRIP = NO;
				DEBUG_INFORMATION_FORMAT = dwarf;
				ENABLE_STRICT_OBJC_MSGSEND = YES;
				ENABLE_TESTABILITY = YES;
				GCC_C_LANGUAGE_STANDARD = gnu11;
				GCC_DYNAMIC_NO_PIC = NO;
				GCC_NO_COMMON_BLOCKS = YES;
				GCC_OPTIMIZATION_LEVEL = 0;
				GCC_PREPROCESSOR_DEFINITIONS = (
					"DEBUG=1",
					"$(inherited)",
				);
				GCC_WARN_64_TO_32_BIT_CONVERSION = YES;
				GCC_WARN_ABOUT_RETURN_TYPE = YES_ERROR;
				GCC_WARN_UNDECLARED_SELECTOR = YES;
				GCC_WARN_UNINITIALIZED_AUTOS = YES_AGGRESSIVE;
				GCC_WARN_UNUSED_FUNCTION = YES;
				GCC_WARN_UNUSED_VARIABLE = YES;
				IPHONEOS_DEPLOYMENT_TARGET = 16.2;
				MTL_ENABLE_DEBUG_INFO = INCLUDE_SOURCE;
				MTL_FAST_MATH = YES;
				ONLY_ACTIVE_ARCH = YES;
				SDKROOT = iphoneos;
				SWIFT_ACTIVE_COMPILATION_CONDITIONS = DEBUG;
				SWIFT_OPTIMIZATION_LEVEL = "-Onone";
			};
			name = Debug;
		};
		3C77965C29A4B91500E95210 /* Release */ = {
			isa = XCBuildConfiguration;
			buildSettings = {
				ALWAYS_SEARCH_USER_PATHS = NO;
				CLANG_ANALYZER_NONNULL = YES;
				CLANG_ANALYZER_NUMBER_OBJECT_CONVERSION = YES_AGGRESSIVE;
				CLANG_CXX_LANGUAGE_STANDARD = "gnu++20";
				CLANG_ENABLE_MODULES = YES;
				CLANG_ENABLE_OBJC_ARC = YES;
				CLANG_ENABLE_OBJC_WEAK = YES;
				CLANG_WARN_BLOCK_CAPTURE_AUTORELEASING = YES;
				CLANG_WARN_BOOL_CONVERSION = YES;
				CLANG_WARN_COMMA = YES;
				CLANG_WARN_CONSTANT_CONVERSION = YES;
				CLANG_WARN_DEPRECATED_OBJC_IMPLEMENTATIONS = YES;
				CLANG_WARN_DIRECT_OBJC_ISA_USAGE = YES_ERROR;
				CLANG_WARN_DOCUMENTATION_COMMENTS = YES;
				CLANG_WARN_EMPTY_BODY = YES;
				CLANG_WARN_ENUM_CONVERSION = YES;
				CLANG_WARN_INFINITE_RECURSION = YES;
				CLANG_WARN_INT_CONVERSION = YES;
				CLANG_WARN_NON_LITERAL_NULL_CONVERSION = YES;
				CLANG_WARN_OBJC_IMPLICIT_RETAIN_SELF = YES;
				CLANG_WARN_OBJC_LITERAL_CONVERSION = YES;
				CLANG_WARN_OBJC_ROOT_CLASS = YES_ERROR;
				CLANG_WARN_QUOTED_INCLUDE_IN_FRAMEWORK_HEADER = YES;
				CLANG_WARN_RANGE_LOOP_ANALYSIS = YES;
				CLANG_WARN_STRICT_PROTOTYPES = YES;
				CLANG_WARN_SUSPICIOUS_MOVE = YES;
				CLANG_WARN_UNGUARDED_AVAILABILITY = YES_AGGRESSIVE;
				CLANG_WARN_UNREACHABLE_CODE = YES;
				CLANG_WARN__DUPLICATE_METHOD_MATCH = YES;
				COPY_PHASE_STRIP = NO;
				DEBUG_INFORMATION_FORMAT = "dwarf-with-dsym";
				ENABLE_NS_ASSERTIONS = NO;
				ENABLE_STRICT_OBJC_MSGSEND = YES;
				GCC_C_LANGUAGE_STANDARD = gnu11;
				GCC_NO_COMMON_BLOCKS = YES;
				GCC_WARN_64_TO_32_BIT_CONVERSION = YES;
				GCC_WARN_ABOUT_RETURN_TYPE = YES_ERROR;
				GCC_WARN_UNDECLARED_SELECTOR = YES;
				GCC_WARN_UNINITIALIZED_AUTOS = YES_AGGRESSIVE;
				GCC_WARN_UNUSED_FUNCTION = YES;
				GCC_WARN_UNUSED_VARIABLE = YES;
				IPHONEOS_DEPLOYMENT_TARGET = 16.2;
				MTL_ENABLE_DEBUG_INFO = NO;
				MTL_FAST_MATH = YES;
				SDKROOT = iphoneos;
				SWIFT_COMPILATION_MODE = wholemodule;
				SWIFT_OPTIMIZATION_LEVEL = "-O";
				VALIDATE_PRODUCT = YES;
			};
			name = Release;
		};
		3C77965E29A4B91500E95210 /* Debug */ = {
			isa = XCBuildConfiguration;
			buildSettings = {
				ASSETCATALOG_COMPILER_APPICON_NAME = AppIcon;
				ASSETCATALOG_COMPILER_GLOBAL_ACCENT_COLOR_NAME = AccentColor;
				CODE_SIGN_STYLE = Automatic;
				CURRENT_PROJECT_VERSION = 1;
				DEVELOPMENT_TEAM = MAZQ6JDBT4;
				GENERATE_INFOPLIST_FILE = YES;
				INFOPLIST_FILE = RickAndMorty/Info.plist;
				INFOPLIST_KEY_UIApplicationSupportsIndirectInputEvents = YES;
				INFOPLIST_KEY_UILaunchStoryboardName = LaunchScreen;
				INFOPLIST_KEY_UISupportedInterfaceOrientations_iPad = "UIInterfaceOrientationPortrait UIInterfaceOrientationPortraitUpsideDown UIInterfaceOrientationLandscapeLeft UIInterfaceOrientationLandscapeRight";
				INFOPLIST_KEY_UISupportedInterfaceOrientations_iPhone = "UIInterfaceOrientationPortrait UIInterfaceOrientationLandscapeLeft UIInterfaceOrientationLandscapeRight";
				LD_RUNPATH_SEARCH_PATHS = (
					"$(inherited)",
					"@executable_path/Frameworks",
				);
				MARKETING_VERSION = 1.0;
				PRODUCT_BUNDLE_IDENTIFIER = com.keen.RickAndMorty;
				PRODUCT_NAME = "$(TARGET_NAME)";
				SWIFT_EMIT_LOC_STRINGS = YES;
				SWIFT_VERSION = 5.0;
				TARGETED_DEVICE_FAMILY = "1,2";
			};
			name = Debug;
		};
		3C77965F29A4B91500E95210 /* Release */ = {
			isa = XCBuildConfiguration;
			buildSettings = {
				ASSETCATALOG_COMPILER_APPICON_NAME = AppIcon;
				ASSETCATALOG_COMPILER_GLOBAL_ACCENT_COLOR_NAME = AccentColor;
				CODE_SIGN_STYLE = Automatic;
				CURRENT_PROJECT_VERSION = 1;
				DEVELOPMENT_TEAM = MAZQ6JDBT4;
				GENERATE_INFOPLIST_FILE = YES;
				INFOPLIST_FILE = RickAndMorty/Info.plist;
				INFOPLIST_KEY_UIApplicationSupportsIndirectInputEvents = YES;
				INFOPLIST_KEY_UILaunchStoryboardName = LaunchScreen;
				INFOPLIST_KEY_UISupportedInterfaceOrientations_iPad = "UIInterfaceOrientationPortrait UIInterfaceOrientationPortraitUpsideDown UIInterfaceOrientationLandscapeLeft UIInterfaceOrientationLandscapeRight";
				INFOPLIST_KEY_UISupportedInterfaceOrientations_iPhone = "UIInterfaceOrientationPortrait UIInterfaceOrientationLandscapeLeft UIInterfaceOrientationLandscapeRight";
				LD_RUNPATH_SEARCH_PATHS = (
					"$(inherited)",
					"@executable_path/Frameworks",
				);
				MARKETING_VERSION = 1.0;
				PRODUCT_BUNDLE_IDENTIFIER = com.keen.RickAndMorty;
				PRODUCT_NAME = "$(TARGET_NAME)";
				SWIFT_EMIT_LOC_STRINGS = YES;
				SWIFT_VERSION = 5.0;
				TARGETED_DEVICE_FAMILY = "1,2";
			};
			name = Release;
		};
/* End XCBuildConfiguration section */

/* Begin XCConfigurationList section */
		3C77964429A4B91300E95210 /* Build configuration list for PBXProject "RickAndMorty" */ = {
			isa = XCConfigurationList;
			buildConfigurations = (
				3C77965B29A4B91500E95210 /* Debug */,
				3C77965C29A4B91500E95210 /* Release */,
			);
			defaultConfigurationIsVisible = 0;
			defaultConfigurationName = Release;
		};
		3C77965D29A4B91500E95210 /* Build configuration list for PBXNativeTarget "RickAndMorty" */ = {
			isa = XCConfigurationList;
			buildConfigurations = (
				3C77965E29A4B91500E95210 /* Debug */,
				3C77965F29A4B91500E95210 /* Release */,
			);
			defaultConfigurationIsVisible = 0;
			defaultConfigurationName = Release;
		};
/* End XCConfigurationList section */
	};
	rootObject = 3C77964129A4B91300E95210 /* Project object */;
}
